{
  "version": 4,
  "terraform_version": "1.9.0",
  "serial": 1,
  "lineage": "2f3afd85-b2a3-f460-7c31-608bfb008db1",
  "outputs": {},
  "resources": [
    {
      "mode": "managed",
      "type": "spotify_playlist",
      "name": "playlist",
      "provider": "provider[\"registry.terraform.io/conradludgate/spotify\"]",
      "instances": [
        {
          "schema_version": 0,
          "attributes": {
            "description": null,
            "id": "5B2yzupDqtw0BmnJHxToEi",
            "name": "MY_gym",
            "public": true,
            "snapshot_id": "AAAAAvfIHvwG9AEu4wot9hJprkFoCOOA",
            "tracks": [
              "1DaF1xu2qeaxYOK0TeycKP"
            ]
          },
          "sensitive_attributes": [],
          "private": "bnVsbA=="
        }
      ]
    }
  ],
  "check_results": null
}
